
Microsoft Visual Studio Solution File, Format Version 12.00
# Visual Studio Version 17
VisualStudioVersion = 17.4.33122.133
MinimumVisualStudioVersion = 10.0.40219.1
Project("{2150E333-8FDC-42A3-9474-1A3956D46DE8}") = "Resources", "Resources", "{75075BFD-4AAE-4F84-AA50-0DFD47371A94}"
	ProjectSection(SolutionItems) = preProject
		Resources\instnwnd2005_original.sql = Resources\instnwnd2005_original.sql
		Project Journal.docx = Project Journal.docx
		stylecop.json = stylecop.json
	EndProjectSection
EndProject
Project("{9A19103F-16F7-4668-BE54-9A1E7A4F7556}") = "Northwind.Context", "Northwind.Context\Northwind.Context.csproj", "{47A1368E-EC48-4324-9FD0-FF632875549B}"
EndProject
Project("{9A19103F-16F7-4668-BE54-9A1E7A4F7556}") = "Northwind.Context.MsSql", "Northwind.Context.MsSql\Northwind.Context.MsSql.csproj", "{B089766A-AEA1-4FF2-9DA2-64C62AE37E6E}"
EndProject
Project("{9A19103F-16F7-4668-BE54-9A1E7A4F7556}") = "Patterns", "Patterns\Patterns.csproj", "{B3405200-6102-408E-B396-70C5D131131B}"
EndProject
Project("{2150E333-8FDC-42A3-9474-1A3956D46DE8}") = "Solution Items", "Solution Items", "{132532B2-4A8F-4ACF-9104-D7D51CE369B1}"
	ProjectSection(SolutionItems) = preProject
		.editorconfig = .editorconfig
	EndProjectSection
EndProject
Global
	GlobalSection(SolutionConfigurationPlatforms) = preSolution
		Debug|Any CPU = Debug|Any CPU
		Release|Any CPU = Release|Any CPU
	EndGlobalSection
	GlobalSection(ProjectConfigurationPlatforms) = postSolution
		{47A1368E-EC48-4324-9FD0-FF632875549B}.Debug|Any CPU.ActiveCfg = Debug|Any CPU
		{47A1368E-EC48-4324-9FD0-FF632875549B}.Debug|Any CPU.Build.0 = Debug|Any CPU
		{47A1368E-EC48-4324-9FD0-FF632875549B}.Release|Any CPU.ActiveCfg = Release|Any CPU
		{47A1368E-EC48-4324-9FD0-FF632875549B}.Release|Any CPU.Build.0 = Release|Any CPU
		{B089766A-AEA1-4FF2-9DA2-64C62AE37E6E}.Debug|Any CPU.ActiveCfg = Debug|Any CPU
		{B089766A-AEA1-4FF2-9DA2-64C62AE37E6E}.Debug|Any CPU.Build.0 = Debug|Any CPU
		{B089766A-AEA1-4FF2-9DA2-64C62AE37E6E}.Release|Any CPU.ActiveCfg = Release|Any CPU
		{B089766A-AEA1-4FF2-9DA2-64C62AE37E6E}.Release|Any CPU.Build.0 = Release|Any CPU
		{B3405200-6102-408E-B396-70C5D131131B}.Debug|Any CPU.ActiveCfg = Debug|Any CPU
		{B3405200-6102-408E-B396-70C5D131131B}.Debug|Any CPU.Build.0 = Debug|Any CPU
		{B3405200-6102-408E-B396-70C5D131131B}.Release|Any CPU.ActiveCfg = Release|Any CPU
		{B3405200-6102-408E-B396-70C5D131131B}.Release|Any CPU.Build.0 = Release|Any CPU
	EndGlobalSection
	GlobalSection(SolutionProperties) = preSolution
		HideSolutionNode = FALSE
	EndGlobalSection
	GlobalSection(ExtensibilityGlobals) = postSolution
		SolutionGuid = {6EA215D7-C8D4-4457-971A-3D4B6581EFFE}
	EndGlobalSection
EndGlobal
