
Microsoft Visual Studio Solution File, Format Version 12.00
# Visual Studio Version 17
VisualStudioVersion = 17.4.33122.133
MinimumVisualStudioVersion = 10.0.40219.1
Project("{2150E333-8FDC-42A3-9474-1A3956D46DE8}") = "Resources", "Resources", "{75075BFD-4AAE-4F84-AA50-0DFD47371A94}"
	ProjectSection(SolutionItems) = preProject
		Resources\instnwnd2005_original.sql = Resources\instnwnd2005_original.sql
		Project Journal.docx = Project Journal.docx
		stylecop.json = stylecop.json
	EndProjectSection
EndProject
Project("{9A19103F-16F7-4668-BE54-9A1E7A4F7556}") = "Northwind.Context", "Northwind.Context\Northwind.Context.csproj", "{47A1368E-EC48-4324-9FD0-FF632875549B}"
EndProject
Project("{9A19103F-16F7-4668-BE54-9A1E7A4F7556}") = "Northwind.Context.MsSql", "Northwind.Context.MsSql\Northwind.Context.MsSql.csproj", "{B089766A-AEA1-4FF2-9DA2-64C62AE37E6E}"
EndProject
Project("{9A19103F-16F7-4668-BE54-9A1E7A4F7556}") = "Patterns", "Patterns\Patterns.csproj", "{B3405200-6102-408E-B396-70C5D131131B}"
EndProject
Project("{2150E333-8FDC-42A3-9474-1A3956D46DE8}") = "Solution Items", "Solution Items", "{132532B2-4A8F-4ACF-9104-D7D51CE369B1}"
	ProjectSection(SolutionItems) = preProject
		.editorconfig = .editorconfig
	EndProjectSection
EndProject
Project("{2150E333-8FDC-42A3-9474-1A3956D46DE8}") = "Tests", "Tests", "{19EC04EA-BA1C-408E-ACCD-4A410F20695C}"
EndProject
Project("{9A19103F-16F7-4668-BE54-9A1E7A4F7556}") = "Northwind.Tests.Sql", "Northwind.Tests.Sql\Northwind.Tests.Sql.csproj", "{CBBDD4D0-310A-4C20-9D75-47A39AEA6CEE}"
EndProject
Project("{9A19103F-16F7-4668-BE54-9A1E7A4F7556}") = "Northwind.Context.InMemory", "Northwind.Context.InMemory\Northwind.Context.InMemory.csproj", "{FCA87818-D1F3-42C5-82E0-8177E884F37E}"
EndProject
Project("{9A19103F-16F7-4668-BE54-9A1E7A4F7556}") = "Northwind.Tests.InMemory", "Northwind.Tests.InMemory\Northwind.Tests.InMemory.csproj", "{C2146455-D7E2-4F86-B20A-238210081E74}"
EndProject
Project("{9A19103F-16F7-4668-BE54-9A1E7A4F7556}") = "Northwind.Migrate.CLI", "Northwind.Migrate.CLI\Northwind.Migrate.CLI.csproj", "{71550B7B-5BFD-4292-81D6-2E1C77F3569F}"
EndProject
Project("{9A19103F-16F7-4668-BE54-9A1E7A4F7556}") = "Northwind.Api", "Northwind.Api\Northwind.Api.csproj", "{87E69ED3-3699-4F0B-9974-A2746AA3A960}"
EndProject
Project("{9A19103F-16F7-4668-BE54-9A1E7A4F7556}") = "Northwind.Patterns.Tests", "Northwind.Patterns.Tests\Northwind.Patterns.Tests.csproj", "{F93DC1A1-29F3-4AB2-9A84-66EE330B699C}"
EndProject
Project("{9A19103F-16F7-4668-BE54-9A1E7A4F7556}") = "Northwind.Services.Tests", "Northwind.Services.Tests\Northwind.Services.Tests.csproj", "{A3AD4785-6FB9-4674-BD99-D15696AC659E}"
EndProject
Project("{9A19103F-16F7-4668-BE54-9A1E7A4F7556}") = "Northwind.Api.Tests", "Northwind.Api.Tests\Northwind.Api.Tests.csproj", "{3B03356F-52C8-48A8-B083-001263AC6132}"
EndProject
Project("{9A19103F-16F7-4668-BE54-9A1E7A4F7556}") = "Northwind.Web", "Northwind.Web\Northwind.Web.csproj", "{4B74A623-7078-44F7-AA81-9D8A28A7B66F}"
EndProject
Project("{FAE04EC0-301F-11D3-BF4B-00C04F79EFBC}") = "Northwind.Api.Client", "Northwind.Api.Client\Northwind.Api.Client.csproj", "{54D04DF5-7ABE-4A4B-AF17-D6A411D51782}"
EndProject
Project("{FAE04EC0-301F-11D3-BF4B-00C04F79EFBC}") = "Northwind.Definitions", "Northwind.Definitions\Northwind.Definitions.csproj", "{D94FD883-772E-4F64-A2C4-4A18D0C6C6C3}"
EndProject
Global
	GlobalSection(SolutionConfigurationPlatforms) = preSolution
		Debug|Any CPU = Debug|Any CPU
		Release|Any CPU = Release|Any CPU
	EndGlobalSection
	GlobalSection(ProjectConfigurationPlatforms) = postSolution
		{47A1368E-EC48-4324-9FD0-FF632875549B}.Debug|Any CPU.ActiveCfg = Debug|Any CPU
		{47A1368E-EC48-4324-9FD0-FF632875549B}.Debug|Any CPU.Build.0 = Debug|Any CPU
		{47A1368E-EC48-4324-9FD0-FF632875549B}.Release|Any CPU.ActiveCfg = Release|Any CPU
		{47A1368E-EC48-4324-9FD0-FF632875549B}.Release|Any CPU.Build.0 = Release|Any CPU
		{B089766A-AEA1-4FF2-9DA2-64C62AE37E6E}.Debug|Any CPU.ActiveCfg = Debug|Any CPU
		{B089766A-AEA1-4FF2-9DA2-64C62AE37E6E}.Debug|Any CPU.Build.0 = Debug|Any CPU
		{B089766A-AEA1-4FF2-9DA2-64C62AE37E6E}.Release|Any CPU.ActiveCfg = Release|Any CPU
		{B089766A-AEA1-4FF2-9DA2-64C62AE37E6E}.Release|Any CPU.Build.0 = Release|Any CPU
		{B3405200-6102-408E-B396-70C5D131131B}.Debug|Any CPU.ActiveCfg = Debug|Any CPU
		{B3405200-6102-408E-B396-70C5D131131B}.Debug|Any CPU.Build.0 = Debug|Any CPU
		{B3405200-6102-408E-B396-70C5D131131B}.Release|Any CPU.ActiveCfg = Release|Any CPU
		{B3405200-6102-408E-B396-70C5D131131B}.Release|Any CPU.Build.0 = Release|Any CPU
		{CBBDD4D0-310A-4C20-9D75-47A39AEA6CEE}.Debug|Any CPU.ActiveCfg = Debug|Any CPU
		{CBBDD4D0-310A-4C20-9D75-47A39AEA6CEE}.Debug|Any CPU.Build.0 = Debug|Any CPU
		{CBBDD4D0-310A-4C20-9D75-47A39AEA6CEE}.Release|Any CPU.ActiveCfg = Release|Any CPU
		{CBBDD4D0-310A-4C20-9D75-47A39AEA6CEE}.Release|Any CPU.Build.0 = Release|Any CPU
		{FCA87818-D1F3-42C5-82E0-8177E884F37E}.Debug|Any CPU.ActiveCfg = Debug|Any CPU
		{FCA87818-D1F3-42C5-82E0-8177E884F37E}.Debug|Any CPU.Build.0 = Debug|Any CPU
		{FCA87818-D1F3-42C5-82E0-8177E884F37E}.Release|Any CPU.ActiveCfg = Release|Any CPU
		{FCA87818-D1F3-42C5-82E0-8177E884F37E}.Release|Any CPU.Build.0 = Release|Any CPU
		{C2146455-D7E2-4F86-B20A-238210081E74}.Debug|Any CPU.ActiveCfg = Debug|Any CPU
		{C2146455-D7E2-4F86-B20A-238210081E74}.Debug|Any CPU.Build.0 = Debug|Any CPU
		{C2146455-D7E2-4F86-B20A-238210081E74}.Release|Any CPU.ActiveCfg = Release|Any CPU
		{C2146455-D7E2-4F86-B20A-238210081E74}.Release|Any CPU.Build.0 = Release|Any CPU
		{71550B7B-5BFD-4292-81D6-2E1C77F3569F}.Debug|Any CPU.ActiveCfg = Debug|Any CPU
		{71550B7B-5BFD-4292-81D6-2E1C77F3569F}.Debug|Any CPU.Build.0 = Debug|Any CPU
		{71550B7B-5BFD-4292-81D6-2E1C77F3569F}.Release|Any CPU.ActiveCfg = Release|Any CPU
		{71550B7B-5BFD-4292-81D6-2E1C77F3569F}.Release|Any CPU.Build.0 = Release|Any CPU
		{87E69ED3-3699-4F0B-9974-A2746AA3A960}.Debug|Any CPU.ActiveCfg = Debug|Any CPU
		{87E69ED3-3699-4F0B-9974-A2746AA3A960}.Debug|Any CPU.Build.0 = Debug|Any CPU
		{87E69ED3-3699-4F0B-9974-A2746AA3A960}.Release|Any CPU.ActiveCfg = Release|Any CPU
		{87E69ED3-3699-4F0B-9974-A2746AA3A960}.Release|Any CPU.Build.0 = Release|Any CPU
		{F93DC1A1-29F3-4AB2-9A84-66EE330B699C}.Debug|Any CPU.ActiveCfg = Debug|Any CPU
		{F93DC1A1-29F3-4AB2-9A84-66EE330B699C}.Debug|Any CPU.Build.0 = Debug|Any CPU
		{F93DC1A1-29F3-4AB2-9A84-66EE330B699C}.Release|Any CPU.ActiveCfg = Release|Any CPU
		{F93DC1A1-29F3-4AB2-9A84-66EE330B699C}.Release|Any CPU.Build.0 = Release|Any CPU
		{A3AD4785-6FB9-4674-BD99-D15696AC659E}.Debug|Any CPU.ActiveCfg = Debug|Any CPU
		{A3AD4785-6FB9-4674-BD99-D15696AC659E}.Debug|Any CPU.Build.0 = Debug|Any CPU
		{A3AD4785-6FB9-4674-BD99-D15696AC659E}.Release|Any CPU.ActiveCfg = Release|Any CPU
		{A3AD4785-6FB9-4674-BD99-D15696AC659E}.Release|Any CPU.Build.0 = Release|Any CPU
		{3B03356F-52C8-48A8-B083-001263AC6132}.Debug|Any CPU.ActiveCfg = Debug|Any CPU
		{3B03356F-52C8-48A8-B083-001263AC6132}.Debug|Any CPU.Build.0 = Debug|Any CPU
		{3B03356F-52C8-48A8-B083-001263AC6132}.Release|Any CPU.ActiveCfg = Release|Any CPU
		{3B03356F-52C8-48A8-B083-001263AC6132}.Release|Any CPU.Build.0 = Release|Any CPU
		{4B74A623-7078-44F7-AA81-9D8A28A7B66F}.Debug|Any CPU.ActiveCfg = Debug|Any CPU
		{4B74A623-7078-44F7-AA81-9D8A28A7B66F}.Debug|Any CPU.Build.0 = Debug|Any CPU
		{4B74A623-7078-44F7-AA81-9D8A28A7B66F}.Release|Any CPU.ActiveCfg = Release|Any CPU
		{4B74A623-7078-44F7-AA81-9D8A28A7B66F}.Release|Any CPU.Build.0 = Release|Any CPU
		{54D04DF5-7ABE-4A4B-AF17-D6A411D51782}.Debug|Any CPU.ActiveCfg = Debug|Any CPU
		{54D04DF5-7ABE-4A4B-AF17-D6A411D51782}.Debug|Any CPU.Build.0 = Debug|Any CPU
		{54D04DF5-7ABE-4A4B-AF17-D6A411D51782}.Release|Any CPU.ActiveCfg = Release|Any CPU
		{54D04DF5-7ABE-4A4B-AF17-D6A411D51782}.Release|Any CPU.Build.0 = Release|Any CPU
		{D94FD883-772E-4F64-A2C4-4A18D0C6C6C3}.Debug|Any CPU.ActiveCfg = Debug|Any CPU
		{D94FD883-772E-4F64-A2C4-4A18D0C6C6C3}.Debug|Any CPU.Build.0 = Debug|Any CPU
		{D94FD883-772E-4F64-A2C4-4A18D0C6C6C3}.Release|Any CPU.ActiveCfg = Release|Any CPU
		{D94FD883-772E-4F64-A2C4-4A18D0C6C6C3}.Release|Any CPU.Build.0 = Release|Any CPU
	EndGlobalSection
	GlobalSection(SolutionProperties) = preSolution
		HideSolutionNode = FALSE
	EndGlobalSection
	GlobalSection(NestedProjects) = preSolution
		{CBBDD4D0-310A-4C20-9D75-47A39AEA6CEE} = {19EC04EA-BA1C-408E-ACCD-4A410F20695C}
		{C2146455-D7E2-4F86-B20A-238210081E74} = {19EC04EA-BA1C-408E-ACCD-4A410F20695C}
		{F93DC1A1-29F3-4AB2-9A84-66EE330B699C} = {19EC04EA-BA1C-408E-ACCD-4A410F20695C}
		{A3AD4785-6FB9-4674-BD99-D15696AC659E} = {19EC04EA-BA1C-408E-ACCD-4A410F20695C}
		{3B03356F-52C8-48A8-B083-001263AC6132} = {19EC04EA-BA1C-408E-ACCD-4A410F20695C}
	EndGlobalSection
	GlobalSection(ExtensibilityGlobals) = postSolution
		SolutionGuid = {6EA215D7-C8D4-4457-971A-3D4B6581EFFE}
	EndGlobalSection
EndGlobal
